# THIS IS AN AUTOGENERATED FILE. DO NOT EDIT THIS FILE DIRECTLY.
# yarn lockfile v1


"@types/mocha@^8.2.0":
  version "8.2.0"
  resolved "https://registry.yarnpkg.com/@types/mocha/-/mocha-8.2.0.tgz#3eb56d13a1de1d347ecb1957c6860c911704bc44"
  integrity sha512-/Sge3BymXo4lKc31C8OINJgXLaw+7vL1/L1pGiBNpGrBiT8FQiaFpSYV0uhTaG4y78vcMBTMFsWaHDvuD+xGzQ==

"@types/node@^12.19.9":
  version "12.19.9"
  resolved "https://registry.yarnpkg.com/@types/node/-/node-12.19.9.tgz#990ad687ad8b26ef6dcc34a4f69c33d40c95b679"
  integrity sha512-yj0DOaQeUrk3nJ0bd3Y5PeDRJ6W0r+kilosLA+dzF3dola/o9hxhMSg2sFvVcA2UHS5JSOsZp4S0c1OEXc4m1Q==

vscode-css-languageservice@^5.1.8:
  version "5.1.8"
  resolved "https://registry.yarnpkg.com/vscode-css-languageservice/-/vscode-css-languageservice-5.1.8.tgz#36cb389788ffc2d5e6630ffc84e55ee38f8a2338"
  integrity sha512-Si1sMykS8U/p8LYgLGPCfZD1YFT0AtvUJQp9XJGw64DZWhtwYo28G2l64USLS9ge4ZPMZpwdpOK7PfbVKfgiiA==
  dependencies:
    vscode-languageserver-textdocument "^1.0.1"
    vscode-languageserver-types "^3.16.0"
    vscode-nls "^5.0.0"
    vscode-uri "^3.0.2"

vscode-jsonrpc@8.0.0-next.3:
  version "8.0.0-next.3"
  resolved "https://registry.yarnpkg.com/vscode-jsonrpc/-/vscode-jsonrpc-8.0.0-next.3.tgz#b55edff0e550b03f3804aade44aca2699af27255"
  integrity sha512-2wRiBR5tZAXZ4UxIO4F0cT/zN6OpruoWO0vc7EpQZxVfumb0pYiSegB+PaOzXCuFQzh7YEshW/XMg4zTz3FGVQ==

vscode-languageserver-protocol@3.17.0-next.9:
  version "3.17.0-next.9"
  resolved "https://registry.yarnpkg.com/vscode-languageserver-protocol/-/vscode-languageserver-protocol-3.17.0-next.9.tgz#0fd4ad43611c96acd83d8d998dbe76668f60e604"
  integrity sha512-DGkRmbI1hRBMY6HU6MOyza5AvYp0+HcbMf2qdmI98luyQJ26dOfHY5K38OS4hlTHhdJg9RypTQ/uBbLZehmn1Q==
  dependencies:
    vscode-jsonrpc "8.0.0-next.3"
    vscode-languageserver-types "3.17.0-next.4"

vscode-languageserver-textdocument@^1.0.1:
  version "1.0.1"
  resolved "https://registry.yarnpkg.com/vscode-languageserver-textdocument/-/vscode-languageserver-textdocument-1.0.1.tgz#178168e87efad6171b372add1dea34f53e5d330f"
  integrity sha512-UIcJDjX7IFkck7cSkNNyzIz5FyvpQfY7sdzVy+wkKN/BLaD4DQ0ppXQrKePomCxTS7RrolK1I0pey0bG9eh8dA==

vscode-languageserver-types@3.17.0-next.4:
  version "3.17.0-next.4"
  resolved "https://registry.yarnpkg.com/vscode-languageserver-types/-/vscode-languageserver-types-3.17.0-next.4.tgz#f6788b375ec163da8b381f2f3e3f547cbc7fbeec"
  integrity sha512-MraVkZDhfqa3ftnKW9rEDeqsV+ji8OrtEjx6mVjzVGm5U2XXT+mdqDWyQ+y0Gvb2/aa2oJJQyTAaDmRTUKiUbg==

vscode-languageserver-types@^3.16.0:
  version "3.16.0"
  resolved "https://registry.yarnpkg.com/vscode-languageserver-types/-/vscode-languageserver-types-3.16.0.tgz#ecf393fc121ec6974b2da3efb3155644c514e247"
  integrity sha512-k8luDIWJWyenLc5ToFQQMaSrqCHiLwyKPHKPQZ5zz21vM+vIVUSvsRpcbiECH4WR88K2XZqc4ScRcZ7nk/jbeA==

vscode-languageserver@^8.0.0-next.3:
  version "8.0.0-next.3"
  resolved "https://registry.yarnpkg.com/vscode-languageserver/-/vscode-languageserver-8.0.0-next.3.tgz#36c701a6844ec269505539e3b84a37693760a52f"
  integrity sha512-uxL/tKUa/gRdvQINVmMnK32d6LwfTPTvF7l1iZIFDuAdhGrQ+Po+4lS3w4hwQSeUmapM1WMELXNBFca/u3H5Uw==
  dependencies:
    vscode-languageserver-protocol "3.17.0-next.9"

vscode-nls@^5.0.0:
  version "5.0.0"
  resolved "https://registry.yarnpkg.com/vscode-nls/-/vscode-nls-5.0.0.tgz#99f0da0bd9ea7cda44e565a74c54b1f2bc257840"
  integrity sha512-u0Lw+IYlgbEJFF6/qAqG2d1jQmJl0eyAGJHoAJqr2HT4M2BNuQYSEiSE75f52pXHSJm8AlTjnLLbBFPrdz2hpA==

vscode-uri@^3.0.2:
  version "3.0.2"
  resolved "https://registry.yarnpkg.com/vscode-uri/-/vscode-uri-3.0.2.tgz#ecfd1d066cb8ef4c3a208decdbab9a8c23d055d0"
  integrity sha512-jkjy6pjU1fxUvI51P+gCsxg1u2n8LSt0W6KrCNQceaziKzff74GoWmjVG46KieVzybO1sttPQmYfrwSHey7GUA==
